// !$*UTF8*$!
{
	archiveVersion = 1;
	classes = {
	};
	objectVersion = 46;
	objects = {

/* Begin PBXBuildFile section */
		490F94971D2EF97E005F58F0 /* SpeedBoost.sks in Resources */ = {isa = PBXBuildFile; fileRef = 490F94961D2EF97E005F58F0 /* SpeedBoost.sks */; };
		491D6FCD1D2ECC7C0071FA79 /* MoveableBlock.sks in Resources */ = {isa = PBXBuildFile; fileRef = 491D6FCC1D2ECC7C0071FA79 /* MoveableBlock.sks */; };
		496112FC1D25B2D500BF3779 /* Player.sks in Resources */ = {isa = PBXBuildFile; fileRef = 496112FB1D25B2D500BF3779 /* Player.sks */; };
		496B92BB1D2C4AB5009788DD /* Button.sks in Resources */ = {isa = PBXBuildFile; fileRef = 496B92BA1D2C4AB5009788DD /* Button.sks */; };
		496B92BD1D2C4C68009788DD /* SKTextureResample.swift in Sources */ = {isa = PBXBuildFile; fileRef = 496B92BC1D2C4C68009788DD /* SKTextureResample.swift */; };
		496B92BF1D2C7535009788DD /* Button.swift in Sources */ = {isa = PBXBuildFile; fileRef = 496B92BE1D2C7535009788DD /* Button.swift */; };
		4985C58D1D28C2A400F310D6 /* GrassPlatform.sks in Resources */ = {isa = PBXBuildFile; fileRef = 4985C58C1D28C2A400F310D6 /* GrassPlatform.sks */; };
		4985C58F1D28C2F800F310D6 /* DirtPlatform.sks in Resources */ = {isa = PBXBuildFile; fileRef = 4985C58E1D28C2F800F310D6 /* DirtPlatform.sks */; };
		4985C5911D28C63C00F310D6 /* GrassPlatformTall.sks in Resources */ = {isa = PBXBuildFile; fileRef = 4985C5901D28C63C00F310D6 /* GrassPlatformTall.sks */; };
		4985C5931D28C65F00F310D6 /* StairsPlatform.sks in Resources */ = {isa = PBXBuildFile; fileRef = 4985C5921D28C65F00F310D6 /* StairsPlatform.sks */; };
		4985C5971D28CE8600F310D6 /* StonePlatform.sks in Resources */ = {isa = PBXBuildFile; fileRef = 4985C5961D28CE8600F310D6 /* StonePlatform.sks */; };
		4985C5991D28CEF100F310D6 /* Spike.sks in Resources */ = {isa = PBXBuildFile; fileRef = 4985C5981D28CEF100F310D6 /* Spike.sks */; };
		4985C59B1D28CF2F00F310D6 /* Spring.sks in Resources */ = {isa = PBXBuildFile; fileRef = 4985C59A1D28CF2F00F310D6 /* Spring.sks */; };
		49B8EB5B1D21F95E008F69F5 /* AppDelegate.swift in Sources */ = {isa = PBXBuildFile; fileRef = 49B8EB5A1D21F95E008F69F5 /* AppDelegate.swift */; };
		49B8EB5D1D21F95E008F69F5 /* GameScene.sks in Resources */ = {isa = PBXBuildFile; fileRef = 49B8EB5C1D21F95E008F69F5 /* GameScene.sks */; };
		49B8EB5F1D21F95E008F69F5 /* GameScene.swift in Sources */ = {isa = PBXBuildFile; fileRef = 49B8EB5E1D21F95E008F69F5 /* GameScene.swift */; };
		49B8EB611D21F95E008F69F5 /* GameViewController.swift in Sources */ = {isa = PBXBuildFile; fileRef = 49B8EB601D21F95E008F69F5 /* GameViewController.swift */; };
		49B8EB641D21F95E008F69F5 /* Main.storyboard in Resources */ = {isa = PBXBuildFile; fileRef = 49B8EB621D21F95E008F69F5 /* Main.storyboard */; };
		49B8EB661D21F95E008F69F5 /* Assets.xcassets in Resources */ = {isa = PBXBuildFile; fileRef = 49B8EB651D21F95E008F69F5 /* Assets.xcassets */; };
		49B8EB691D21F95E008F69F5 /* LaunchScreen.storyboard in Resources */ = {isa = PBXBuildFile; fileRef = 49B8EB671D21F95E008F69F5 /* LaunchScreen.storyboard */; };
		49B8EB741D21F95F008F69F5 /* Game_JamTests.swift in Sources */ = {isa = PBXBuildFile; fileRef = 49B8EB731D21F95F008F69F5 /* Game_JamTests.swift */; };
		49B8EB7F1D21F95F008F69F5 /* Game_JamUITests.swift in Sources */ = {isa = PBXBuildFile; fileRef = 49B8EB7E1D21F95F008F69F5 /* Game_JamUITests.swift */; };
		49CB3D9E1D2EEC9300B64E9F /* Ramp.sks in Resources */ = {isa = PBXBuildFile; fileRef = 49CB3D9D1D2EEC9300B64E9F /* Ramp.sks */; };
		49D93D221D2D9B2D00736517 /* Level1.sks in Resources */ = {isa = PBXBuildFile; fileRef = 49D93D211D2D9B2D00736517 /* Level1.sks */; };
		49D93D241D2DBE4F00736517 /* Level.swift in Sources */ = {isa = PBXBuildFile; fileRef = 49D93D231D2DBE4F00736517 /* Level.swift */; };
		49E6F23E1D25BD9A007A1090 /* LargePlatform.sks in Resources */ = {isa = PBXBuildFile; fileRef = 49E6F23D1D25BD9A007A1090 /* LargePlatform.sks */; };
		49E6F24F1D25C007007A1090 /* MSButtonNode.swift in Sources */ = {isa = PBXBuildFile; fileRef = 49E6F2401D25C007007A1090 /* MSButtonNode.swift */; };
		49E6F2501D25C007007A1090 /* MSReferenceNode.swift in Sources */ = {isa = PBXBuildFile; fileRef = 49E6F2411D25C007007A1090 /* MSReferenceNode.swift */; };
		49E6F2511D25C007007A1090 /* CGFloat+Extensions.swift in Sources */ = {isa = PBXBuildFile; fileRef = 49E6F2431D25C007007A1090 /* CGFloat+Extensions.swift */; };
		49E6F2521D25C007007A1090 /* CGPoint+Extensions.swift in Sources */ = {isa = PBXBuildFile; fileRef = 49E6F2441D25C007007A1090 /* CGPoint+Extensions.swift */; };
		49E6F2531D25C007007A1090 /* CGVector+Extensions.swift in Sources */ = {isa = PBXBuildFile; fileRef = 49E6F2451D25C007007A1090 /* CGVector+Extensions.swift */; };
		49E6F2541D25C007007A1090 /* Int+Extensions.swift in Sources */ = {isa = PBXBuildFile; fileRef = 49E6F2461D25C007007A1090 /* Int+Extensions.swift */; };
		49E6F2551D25C007007A1090 /* SKAction+Extensions.swift in Sources */ = {isa = PBXBuildFile; fileRef = 49E6F2471D25C007007A1090 /* SKAction+Extensions.swift */; };
		49E6F2561D25C007007A1090 /* SKAction+SpecialEffects.swift in Sources */ = {isa = PBXBuildFile; fileRef = 49E6F2481D25C007007A1090 /* SKAction+SpecialEffects.swift */; };
		49E6F2571D25C007007A1090 /* SKColor+Extensions.swift in Sources */ = {isa = PBXBuildFile; fileRef = 49E6F2491D25C007007A1090 /* SKColor+Extensions.swift */; };
		49E6F2581D25C007007A1090 /* SKNode+Extensions.swift in Sources */ = {isa = PBXBuildFile; fileRef = 49E6F24A1D25C007007A1090 /* SKNode+Extensions.swift */; };
		49E6F2591D25C007007A1090 /* SKTAudio.swift in Sources */ = {isa = PBXBuildFile; fileRef = 49E6F24B1D25C007007A1090 /* SKTAudio.swift */; };
		49E6F25A1D25C007007A1090 /* SKTEffects.swift in Sources */ = {isa = PBXBuildFile; fileRef = 49E6F24C1D25C007007A1090 /* SKTEffects.swift */; };
		49E6F25B1D25C007007A1090 /* SKTTimingFunctions.swift in Sources */ = {isa = PBXBuildFile; fileRef = 49E6F24D1D25C007007A1090 /* SKTTimingFunctions.swift */; };
		49E6F25C1D25C007007A1090 /* Vector3.swift in Sources */ = {isa = PBXBuildFile; fileRef = 49E6F24E1D25C007007A1090 /* Vector3.swift */; };
		49E6F25E1D263663007A1090 /* Level2.sks in Resources */ = {isa = PBXBuildFile; fileRef = 49E6F25D1D263663007A1090 /* Level2.sks */; };
		49FDA28D1D2D6769004631A7 /* Door.swift in Sources */ = {isa = PBXBuildFile; fileRef = 49FDA28C1D2D6769004631A7 /* Door.swift */; };
		49FDA28F1D2D68B8004631A7 /* Door.sks in Resources */ = {isa = PBXBuildFile; fileRef = 49FDA28E1D2D68B8004631A7 /* Door.sks */; };
		49FDA2911D2D69C7004631A7 /* MyActions.sks in Resources */ = {isa = PBXBuildFile; fileRef = 49FDA2901D2D69C7004631A7 /* MyActions.sks */; };
/* End PBXBuildFile section */

/* Begin PBXContainerItemProxy section */
		49B8EB701D21F95F008F69F5 /* PBXContainerItemProxy */ = {
			isa = PBXContainerItemProxy;
			containerPortal = 49B8EB4F1D21F95E008F69F5 /* Project object */;
			proxyType = 1;
			remoteGlobalIDString = 49B8EB561D21F95E008F69F5;
			remoteInfo = "Game Jam";
		};
		49B8EB7B1D21F95F008F69F5 /* PBXContainerItemProxy */ = {
			isa = PBXContainerItemProxy;
			containerPortal = 49B8EB4F1D21F95E008F69F5 /* Project object */;
			proxyType = 1;
			remoteGlobalIDString = 49B8EB561D21F95E008F69F5;
			remoteInfo = "Game Jam";
		};
/* End PBXContainerItemProxy section */

/* Begin PBXFileReference section */
		490F94961D2EF97E005F58F0 /* SpeedBoost.sks */ = {isa = PBXFileReference; lastKnownFileType = file.sks; path = SpeedBoost.sks; sourceTree = "<group>"; };
		491D6FCC1D2ECC7C0071FA79 /* MoveableBlock.sks */ = {isa = PBXFileReference; lastKnownFileType = file.sks; path = MoveableBlock.sks; sourceTree = "<group>"; };
		496112FB1D25B2D500BF3779 /* Player.sks */ = {isa = PBXFileReference; lastKnownFileType = file.sks; path = Player.sks; sourceTree = "<group>"; };
		496B92BA1D2C4AB5009788DD /* Button.sks */ = {isa = PBXFileReference; lastKnownFileType = file.sks; path = Button.sks; sourceTree = "<group>"; };
		496B92BC1D2C4C68009788DD /* SKTextureResample.swift */ = {isa = PBXFileReference; fileEncoding = 4; lastKnownFileType = sourcecode.swift; path = SKTextureResample.swift; sourceTree = "<group>"; };
		496B92BE1D2C7535009788DD /* Button.swift */ = {isa = PBXFileReference; fileEncoding = 4; lastKnownFileType = sourcecode.swift; path = Button.swift; sourceTree = "<group>"; };
		4985C58C1D28C2A400F310D6 /* GrassPlatform.sks */ = {isa = PBXFileReference; lastKnownFileType = file.sks; path = GrassPlatform.sks; sourceTree = "<group>"; };
		4985C58E1D28C2F800F310D6 /* DirtPlatform.sks */ = {isa = PBXFileReference; lastKnownFileType = file.sks; path = DirtPlatform.sks; sourceTree = "<group>"; };
		4985C5901D28C63C00F310D6 /* GrassPlatformTall.sks */ = {isa = PBXFileReference; lastKnownFileType = file.sks; path = GrassPlatformTall.sks; sourceTree = "<group>"; };
		4985C5921D28C65F00F310D6 /* StairsPlatform.sks */ = {isa = PBXFileReference; lastKnownFileType = file.sks; path = StairsPlatform.sks; sourceTree = "<group>"; };
		4985C5961D28CE8600F310D6 /* StonePlatform.sks */ = {isa = PBXFileReference; lastKnownFileType = file.sks; path = StonePlatform.sks; sourceTree = "<group>"; };
		4985C5981D28CEF100F310D6 /* Spike.sks */ = {isa = PBXFileReference; lastKnownFileType = file.sks; path = Spike.sks; sourceTree = "<group>"; };
		4985C59A1D28CF2F00F310D6 /* Spring.sks */ = {isa = PBXFileReference; lastKnownFileType = file.sks; path = Spring.sks; sourceTree = "<group>"; };
		49B8EB571D21F95E008F69F5 /* Game Jam.app */ = {isa = PBXFileReference; explicitFileType = wrapper.application; includeInIndex = 0; path = "Game Jam.app"; sourceTree = BUILT_PRODUCTS_DIR; };
		49B8EB5A1D21F95E008F69F5 /* AppDelegate.swift */ = {isa = PBXFileReference; lastKnownFileType = sourcecode.swift; path = AppDelegate.swift; sourceTree = "<group>"; };
		49B8EB5C1D21F95E008F69F5 /* GameScene.sks */ = {isa = PBXFileReference; lastKnownFileType = file.sks; path = GameScene.sks; sourceTree = "<group>"; };
		49B8EB5E1D21F95E008F69F5 /* GameScene.swift */ = {isa = PBXFileReference; lastKnownFileType = sourcecode.swift; path = GameScene.swift; sourceTree = "<group>"; };
		49B8EB601D21F95E008F69F5 /* GameViewController.swift */ = {isa = PBXFileReference; lastKnownFileType = sourcecode.swift; path = GameViewController.swift; sourceTree = "<group>"; };
		49B8EB631D21F95E008F69F5 /* Base */ = {isa = PBXFileReference; lastKnownFileType = file.storyboard; name = Base; path = Base.lproj/Main.storyboard; sourceTree = "<group>"; };
		49B8EB651D21F95E008F69F5 /* Assets.xcassets */ = {isa = PBXFileReference; lastKnownFileType = folder.assetcatalog; path = Assets.xcassets; sourceTree = "<group>"; };
		49B8EB681D21F95E008F69F5 /* Base */ = {isa = PBXFileReference; lastKnownFileType = file.storyboard; name = Base; path = Base.lproj/LaunchScreen.storyboard; sourceTree = "<group>"; };
		49B8EB6A1D21F95E008F69F5 /* Info.plist */ = {isa = PBXFileReference; lastKnownFileType = text.plist.xml; path = Info.plist; sourceTree = "<group>"; };
		49B8EB6F1D21F95F008F69F5 /* Game JamTests.xctest */ = {isa = PBXFileReference; explicitFileType = wrapper.cfbundle; includeInIndex = 0; path = "Game JamTests.xctest"; sourceTree = BUILT_PRODUCTS_DIR; };
		49B8EB731D21F95F008F69F5 /* Game_JamTests.swift */ = {isa = PBXFileReference; lastKnownFileType = sourcecode.swift; path = Game_JamTests.swift; sourceTree = "<group>"; };
		49B8EB751D21F95F008F69F5 /* Info.plist */ = {isa = PBXFileReference; lastKnownFileType = text.plist.xml; path = Info.plist; sourceTree = "<group>"; };
		49B8EB7A1D21F95F008F69F5 /* Game JamUITests.xctest */ = {isa = PBXFileReference; explicitFileType = wrapper.cfbundle; includeInIndex = 0; path = "Game JamUITests.xctest"; sourceTree = BUILT_PRODUCTS_DIR; };
		49B8EB7E1D21F95F008F69F5 /* Game_JamUITests.swift */ = {isa = PBXFileReference; lastKnownFileType = sourcecode.swift; path = Game_JamUITests.swift; sourceTree = "<group>"; };
		49B8EB801D21F95F008F69F5 /* Info.plist */ = {isa = PBXFileReference; lastKnownFileType = text.plist.xml; path = Info.plist; sourceTree = "<group>"; };
		49CB3D9D1D2EEC9300B64E9F /* Ramp.sks */ = {isa = PBXFileReference; lastKnownFileType = file.sks; path = Ramp.sks; sourceTree = "<group>"; };
		49D93D211D2D9B2D00736517 /* Level1.sks */ = {isa = PBXFileReference; lastKnownFileType = file.sks; path = Level1.sks; sourceTree = "<group>"; };
		49D93D231D2DBE4F00736517 /* Level.swift */ = {isa = PBXFileReference; fileEncoding = 4; lastKnownFileType = sourcecode.swift; path = Level.swift; sourceTree = "<group>"; };
		49E6F23D1D25BD9A007A1090 /* LargePlatform.sks */ = {isa = PBXFileReference; lastKnownFileType = file.sks; path = LargePlatform.sks; sourceTree = "<group>"; };
		49E6F2401D25C007007A1090 /* MSButtonNode.swift */ = {isa = PBXFileReference; fileEncoding = 4; lastKnownFileType = sourcecode.swift; path = MSButtonNode.swift; sourceTree = "<group>"; };
		49E6F2411D25C007007A1090 /* MSReferenceNode.swift */ = {isa = PBXFileReference; fileEncoding = 4; lastKnownFileType = sourcecode.swift; path = MSReferenceNode.swift; sourceTree = "<group>"; };
		49E6F2431D25C007007A1090 /* CGFloat+Extensions.swift */ = {isa = PBXFileReference; fileEncoding = 4; lastKnownFileType = sourcecode.swift; path = "CGFloat+Extensions.swift"; sourceTree = "<group>"; };
		49E6F2441D25C007007A1090 /* CGPoint+Extensions.swift */ = {isa = PBXFileReference; fileEncoding = 4; lastKnownFileType = sourcecode.swift; path = "CGPoint+Extensions.swift"; sourceTree = "<group>"; };
		49E6F2451D25C007007A1090 /* CGVector+Extensions.swift */ = {isa = PBXFileReference; fileEncoding = 4; lastKnownFileType = sourcecode.swift; path = "CGVector+Extensions.swift"; sourceTree = "<group>"; };
		49E6F2461D25C007007A1090 /* Int+Extensions.swift */ = {isa = PBXFileReference; fileEncoding = 4; lastKnownFileType = sourcecode.swift; path = "Int+Extensions.swift"; sourceTree = "<group>"; };
		49E6F2471D25C007007A1090 /* SKAction+Extensions.swift */ = {isa = PBXFileReference; fileEncoding = 4; lastKnownFileType = sourcecode.swift; path = "SKAction+Extensions.swift"; sourceTree = "<group>"; };
		49E6F2481D25C007007A1090 /* SKAction+SpecialEffects.swift */ = {isa = PBXFileReference; fileEncoding = 4; lastKnownFileType = sourcecode.swift; path = "SKAction+SpecialEffects.swift"; sourceTree = "<group>"; };
		49E6F2491D25C007007A1090 /* SKColor+Extensions.swift */ = {isa = PBXFileReference; fileEncoding = 4; lastKnownFileType = sourcecode.swift; path = "SKColor+Extensions.swift"; sourceTree = "<group>"; };
		49E6F24A1D25C007007A1090 /* SKNode+Extensions.swift */ = {isa = PBXFileReference; fileEncoding = 4; lastKnownFileType = sourcecode.swift; path = "SKNode+Extensions.swift"; sourceTree = "<group>"; };
		49E6F24B1D25C007007A1090 /* SKTAudio.swift */ = {isa = PBXFileReference; fileEncoding = 4; lastKnownFileType = sourcecode.swift; path = SKTAudio.swift; sourceTree = "<group>"; };
		49E6F24C1D25C007007A1090 /* SKTEffects.swift */ = {isa = PBXFileReference; fileEncoding = 4; lastKnownFileType = sourcecode.swift; path = SKTEffects.swift; sourceTree = "<group>"; };
		49E6F24D1D25C007007A1090 /* SKTTimingFunctions.swift */ = {isa = PBXFileReference; fileEncoding = 4; lastKnownFileType = sourcecode.swift; path = SKTTimingFunctions.swift; sourceTree = "<group>"; };
		49E6F24E1D25C007007A1090 /* Vector3.swift */ = {isa = PBXFileReference; fileEncoding = 4; lastKnownFileType = sourcecode.swift; path = Vector3.swift; sourceTree = "<group>"; };
		49E6F25D1D263663007A1090 /* Level2.sks */ = {isa = PBXFileReference; lastKnownFileType = file.sks; path = Level2.sks; sourceTree = "<group>"; };
		49FDA28C1D2D6769004631A7 /* Door.swift */ = {isa = PBXFileReference; fileEncoding = 4; lastKnownFileType = sourcecode.swift; path = Door.swift; sourceTree = "<group>"; };
		49FDA28E1D2D68B8004631A7 /* Door.sks */ = {isa = PBXFileReference; lastKnownFileType = file.sks; path = Door.sks; sourceTree = "<group>"; };
		49FDA2901D2D69C7004631A7 /* MyActions.sks */ = {isa = PBXFileReference; lastKnownFileType = file.sks; path = MyActions.sks; sourceTree = "<group>"; };
/* End PBXFileReference section */

/* Begin PBXFrameworksBuildPhase section */
		49B8EB541D21F95E008F69F5 /* Frameworks */ = {
			isa = PBXFrameworksBuildPhase;
			buildActionMask = 2147483647;
			files = (
			);
			runOnlyForDeploymentPostprocessing = 0;
		};
		49B8EB6C1D21F95F008F69F5 /* Frameworks */ = {
			isa = PBXFrameworksBuildPhase;
			buildActionMask = 2147483647;
			files = (
			);
			runOnlyForDeploymentPostprocessing = 0;
		};
		49B8EB771D21F95F008F69F5 /* Frameworks */ = {
			isa = PBXFrameworksBuildPhase;
			buildActionMask = 2147483647;
			files = (
			);
			runOnlyForDeploymentPostprocessing = 0;
		};
/* End PBXFrameworksBuildPhase section */

/* Begin PBXGroup section */
		4985C5941D28C66E00F310D6 /* Platforms */ = {
			isa = PBXGroup;
			children = (
				49E6F23D1D25BD9A007A1090 /* LargePlatform.sks */,
				4985C5921D28C65F00F310D6 /* StairsPlatform.sks */,
				4985C58C1D28C2A400F310D6 /* GrassPlatform.sks */,
				4985C5901D28C63C00F310D6 /* GrassPlatformTall.sks */,
				4985C58E1D28C2F800F310D6 /* DirtPlatform.sks */,
				4985C5961D28CE8600F310D6 /* StonePlatform.sks */,
				4985C5981D28CEF100F310D6 /* Spike.sks */,
				4985C59A1D28CF2F00F310D6 /* Spring.sks */,
				496B92BA1D2C4AB5009788DD /* Button.sks */,
				49FDA28E1D2D68B8004631A7 /* Door.sks */,
				491D6FCC1D2ECC7C0071FA79 /* MoveableBlock.sks */,
				49CB3D9D1D2EEC9300B64E9F /* Ramp.sks */,
			);
			name = Platforms;
			sourceTree = "<group>";
		};
		4985C5951D28C69400F310D6 /* Levels */ = {
			isa = PBXGroup;
			children = (
				49E6F25D1D263663007A1090 /* Level2.sks */,
				49D93D211D2D9B2D00736517 /* Level1.sks */,
			);
			name = Levels;
			sourceTree = "<group>";
		};
		49B8EB4E1D21F95E008F69F5 = {
			isa = PBXGroup;
			children = (
				49B8EB591D21F95E008F69F5 /* Game Jam */,
				49B8EB721D21F95F008F69F5 /* Game JamTests */,
				49B8EB7D1D21F95F008F69F5 /* Game JamUITests */,
				49B8EB581D21F95E008F69F5 /* Products */,
			);
			sourceTree = "<group>";
		};
		49B8EB581D21F95E008F69F5 /* Products */ = {
			isa = PBXGroup;
			children = (
				49B8EB571D21F95E008F69F5 /* Game Jam.app */,
				49B8EB6F1D21F95F008F69F5 /* Game JamTests.xctest */,
				49B8EB7A1D21F95F008F69F5 /* Game JamUITests.xctest */,
			);
			name = Products;
			sourceTree = "<group>";
		};
		49B8EB591D21F95E008F69F5 /* Game Jam */ = {
			isa = PBXGroup;
			children = (
				49E6F23F1D25C007007A1090 /* Utils */,
				49B8EB5A1D21F95E008F69F5 /* AppDelegate.swift */,
				49B8EB5E1D21F95E008F69F5 /* GameScene.swift */,
				49D93D231D2DBE4F00736517 /* Level.swift */,
				496B92BC1D2C4C68009788DD /* SKTextureResample.swift */,
				496B92BE1D2C7535009788DD /* Button.swift */,
				49FDA28C1D2D6769004631A7 /* Door.swift */,
				49B8EB601D21F95E008F69F5 /* GameViewController.swift */,
				49B8EB621D21F95E008F69F5 /* Main.storyboard */,
				49B8EB651D21F95E008F69F5 /* Assets.xcassets */,
				49B8EB5C1D21F95E008F69F5 /* GameScene.sks */,
				4985C5951D28C69400F310D6 /* Levels */,
				4985C5941D28C66E00F310D6 /* Platforms */,
				496112FB1D25B2D500BF3779 /* Player.sks */,
				490F94961D2EF97E005F58F0 /* SpeedBoost.sks */,
				49FDA2901D2D69C7004631A7 /* MyActions.sks */,
				49B8EB671D21F95E008F69F5 /* LaunchScreen.storyboard */,
				49B8EB6A1D21F95E008F69F5 /* Info.plist */,
			);
			path = "Game Jam";
			sourceTree = "<group>";
		};
		49B8EB721D21F95F008F69F5 /* Game JamTests */ = {
			isa = PBXGroup;
			children = (
				49B8EB731D21F95F008F69F5 /* Game_JamTests.swift */,
				49B8EB751D21F95F008F69F5 /* Info.plist */,
			);
			path = "Game JamTests";
			sourceTree = "<group>";
		};
		49B8EB7D1D21F95F008F69F5 /* Game JamUITests */ = {
			isa = PBXGroup;
			children = (
				49B8EB7E1D21F95F008F69F5 /* Game_JamUITests.swift */,
				49B8EB801D21F95F008F69F5 /* Info.plist */,
			);
			path = "Game JamUITests";
			sourceTree = "<group>";
		};
		49E6F23F1D25C007007A1090 /* Utils */ = {
			isa = PBXGroup;
			children = (
				49E6F2401D25C007007A1090 /* MSButtonNode.swift */,
				49E6F2411D25C007007A1090 /* MSReferenceNode.swift */,
				49E6F2421D25C007007A1090 /* SKTUtils */,
			);
			path = Utils;
			sourceTree = "<group>";
		};
		49E6F2421D25C007007A1090 /* SKTUtils */ = {
			isa = PBXGroup;
			children = (
				49E6F2431D25C007007A1090 /* CGFloat+Extensions.swift */,
				49E6F2441D25C007007A1090 /* CGPoint+Extensions.swift */,
				49E6F2451D25C007007A1090 /* CGVector+Extensions.swift */,
				49E6F2461D25C007007A1090 /* Int+Extensions.swift */,
				49E6F2471D25C007007A1090 /* SKAction+Extensions.swift */,
				49E6F2481D25C007007A1090 /* SKAction+SpecialEffects.swift */,
				49E6F2491D25C007007A1090 /* SKColor+Extensions.swift */,
				49E6F24A1D25C007007A1090 /* SKNode+Extensions.swift */,
				49E6F24B1D25C007007A1090 /* SKTAudio.swift */,
				49E6F24C1D25C007007A1090 /* SKTEffects.swift */,
				49E6F24D1D25C007007A1090 /* SKTTimingFunctions.swift */,
				49E6F24E1D25C007007A1090 /* Vector3.swift */,
			);
			path = SKTUtils;
			sourceTree = "<group>";
		};
/* End PBXGroup section */

/* Begin PBXNativeTarget section */
		49B8EB561D21F95E008F69F5 /* Game Jam */ = {
			isa = PBXNativeTarget;
			buildConfigurationList = 49B8EB831D21F95F008F69F5 /* Build configuration list for PBXNativeTarget "Game Jam" */;
			buildPhases = (
				49B8EB531D21F95E008F69F5 /* Sources */,
				49B8EB541D21F95E008F69F5 /* Frameworks */,
				49B8EB551D21F95E008F69F5 /* Resources */,
			);
			buildRules = (
			);
			dependencies = (
			);
			name = "Game Jam";
			productName = "Game Jam";
			productReference = 49B8EB571D21F95E008F69F5 /* Game Jam.app */;
			productType = "com.apple.product-type.application";
		};
		49B8EB6E1D21F95F008F69F5 /* Game JamTests */ = {
			isa = PBXNativeTarget;
			buildConfigurationList = 49B8EB861D21F95F008F69F5 /* Build configuration list for PBXNativeTarget "Game JamTests" */;
			buildPhases = (
				49B8EB6B1D21F95F008F69F5 /* Sources */,
				49B8EB6C1D21F95F008F69F5 /* Frameworks */,
				49B8EB6D1D21F95F008F69F5 /* Resources */,
			);
			buildRules = (
			);
			dependencies = (
				49B8EB711D21F95F008F69F5 /* PBXTargetDependency */,
			);
			name = "Game JamTests";
			productName = "Game JamTests";
			productReference = 49B8EB6F1D21F95F008F69F5 /* Game JamTests.xctest */;
			productType = "com.apple.product-type.bundle.unit-test";
		};
		49B8EB791D21F95F008F69F5 /* Game JamUITests */ = {
			isa = PBXNativeTarget;
			buildConfigurationList = 49B8EB891D21F95F008F69F5 /* Build configuration list for PBXNativeTarget "Game JamUITests" */;
			buildPhases = (
				49B8EB761D21F95F008F69F5 /* Sources */,
				49B8EB771D21F95F008F69F5 /* Frameworks */,
				49B8EB781D21F95F008F69F5 /* Resources */,
			);
			buildRules = (
			);
			dependencies = (
				49B8EB7C1D21F95F008F69F5 /* PBXTargetDependency */,
			);
			name = "Game JamUITests";
			productName = "Game JamUITests";
			productReference = 49B8EB7A1D21F95F008F69F5 /* Game JamUITests.xctest */;
			productType = "com.apple.product-type.bundle.ui-testing";
		};
/* End PBXNativeTarget section */

/* Begin PBXProject section */
		49B8EB4F1D21F95E008F69F5 /* Project object */ = {
			isa = PBXProject;
			attributes = {
				LastSwiftUpdateCheck = 0730;
				LastUpgradeCheck = 0730;
				ORGANIZATIONNAME = "Make School";
				TargetAttributes = {
					49B8EB561D21F95E008F69F5 = {
						CreatedOnToolsVersion = 7.3.1;
						DevelopmentTeam = KB5PZ37TZ4;
					};
					49B8EB6E1D21F95F008F69F5 = {
						CreatedOnToolsVersion = 7.3.1;
						TestTargetID = 49B8EB561D21F95E008F69F5;
					};
					49B8EB791D21F95F008F69F5 = {
						CreatedOnToolsVersion = 7.3.1;
						TestTargetID = 49B8EB561D21F95E008F69F5;
					};
				};
			};
			buildConfigurationList = 49B8EB521D21F95E008F69F5 /* Build configuration list for PBXProject "Game Jam" */;
			compatibilityVersion = "Xcode 3.2";
			developmentRegion = English;
			hasScannedForEncodings = 0;
			knownRegions = (
				en,
				Base,
			);
			mainGroup = 49B8EB4E1D21F95E008F69F5;
			productRefGroup = 49B8EB581D21F95E008F69F5 /* Products */;
			projectDirPath = "";
			projectRoot = "";
			targets = (
				49B8EB561D21F95E008F69F5 /* Game Jam */,
				49B8EB6E1D21F95F008F69F5 /* Game JamTests */,
				49B8EB791D21F95F008F69F5 /* Game JamUITests */,
			);
		};
/* End PBXProject section */

/* Begin PBXResourcesBuildPhase section */
		49B8EB551D21F95E008F69F5 /* Resources */ = {
			isa = PBXResourcesBuildPhase;
			buildActionMask = 2147483647;
			files = (
				4985C5991D28CEF100F310D6 /* Spike.sks in Resources */,
				491D6FCD1D2ECC7C0071FA79 /* MoveableBlock.sks in Resources */,
				4985C5911D28C63C00F310D6 /* GrassPlatformTall.sks in Resources */,
				49CB3D9E1D2EEC9300B64E9F /* Ramp.sks in Resources */,
				4985C58F1D28C2F800F310D6 /* DirtPlatform.sks in Resources */,
				49B8EB5D1D21F95E008F69F5 /* GameScene.sks in Resources */,
				49B8EB691D21F95E008F69F5 /* LaunchScreen.storyboard in Resources */,
				496B92BB1D2C4AB5009788DD /* Button.sks in Resources */,
				49B8EB661D21F95E008F69F5 /* Assets.xcassets in Resources */,
				49D93D221D2D9B2D00736517 /* Level1.sks in Resources */,
				49FDA2911D2D69C7004631A7 /* MyActions.sks in Resources */,
				49B8EB641D21F95E008F69F5 /* Main.storyboard in Resources */,
				4985C5971D28CE8600F310D6 /* StonePlatform.sks in Resources */,
				49E6F23E1D25BD9A007A1090 /* LargePlatform.sks in Resources */,
				4985C58D1D28C2A400F310D6 /* GrassPlatform.sks in Resources */,
				49FDA28F1D2D68B8004631A7 /* Door.sks in Resources */,
				496112FC1D25B2D500BF3779 /* Player.sks in Resources */,
				49E6F25E1D263663007A1090 /* Level2.sks in Resources */,
				4985C59B1D28CF2F00F310D6 /* Spring.sks in Resources */,
				4985C5931D28C65F00F310D6 /* StairsPlatform.sks in Resources */,
				490F94971D2EF97E005F58F0 /* SpeedBoost.sks in Resources */,
			);
			runOnlyForDeploymentPostprocessing = 0;
		};
		49B8EB6D1D21F95F008F69F5 /* Resources */ = {
			isa = PBXResourcesBuildPhase;
			buildActionMask = 2147483647;
			files = (
			);
			runOnlyForDeploymentPostprocessing = 0;
		};
		49B8EB781D21F95F008F69F5 /* Resources */ = {
			isa = PBXResourcesBuildPhase;
			buildActionMask = 2147483647;
			files = (
			);
			runOnlyForDeploymentPostprocessing = 0;
		};
/* End PBXResourcesBuildPhase section */

/* Begin PBXSourcesBuildPhase section */
		49B8EB531D21F95E008F69F5 /* Sources */ = {
			isa = PBXSourcesBuildPhase;
			buildActionMask = 2147483647;
			files = (
				496B92BD1D2C4C68009788DD /* SKTextureResample.swift in Sources */,
				49E6F2521D25C007007A1090 /* CGPoint+Extensions.swift in Sources */,
				49E6F25A1D25C007007A1090 /* SKTEffects.swift in Sources */,
				49E6F2551D25C007007A1090 /* SKAction+Extensions.swift in Sources */,
				49B8EB5F1D21F95E008F69F5 /* GameScene.swift in Sources */,
				496B92BF1D2C7535009788DD /* Button.swift in Sources */,
				49E6F2581D25C007007A1090 /* SKNode+Extensions.swift in Sources */,
				49B8EB611D21F95E008F69F5 /* GameViewController.swift in Sources */,
				49E6F25B1D25C007007A1090 /* SKTTimingFunctions.swift in Sources */,
				49E6F2561D25C007007A1090 /* SKAction+SpecialEffects.swift in Sources */,
				49E6F2541D25C007007A1090 /* Int+Extensions.swift in Sources */,
				49E6F25C1D25C007007A1090 /* Vector3.swift in Sources */,
				49B8EB5B1D21F95E008F69F5 /* AppDelegate.swift in Sources */,
				49FDA28D1D2D6769004631A7 /* Door.swift in Sources */,
				49E6F2571D25C007007A1090 /* SKColor+Extensions.swift in Sources */,
				49D93D241D2DBE4F00736517 /* Level.swift in Sources */,
				49E6F2531D25C007007A1090 /* CGVector+Extensions.swift in Sources */,
				49E6F2501D25C007007A1090 /* MSReferenceNode.swift in Sources */,
				49E6F2591D25C007007A1090 /* SKTAudio.swift in Sources */,
				49E6F2511D25C007007A1090 /* CGFloat+Extensions.swift in Sources */,
				49E6F24F1D25C007007A1090 /* MSButtonNode.swift in Sources */,
			);
			runOnlyForDeploymentPostprocessing = 0;
		};
		49B8EB6B1D21F95F008F69F5 /* Sources */ = {
			isa = PBXSourcesBuildPhase;
			buildActionMask = 2147483647;
			files = (
				49B8EB741D21F95F008F69F5 /* Game_JamTests.swift in Sources */,
			);
			runOnlyForDeploymentPostprocessing = 0;
		};
		49B8EB761D21F95F008F69F5 /* Sources */ = {
			isa = PBXSourcesBuildPhase;
			buildActionMask = 2147483647;
			files = (
				49B8EB7F1D21F95F008F69F5 /* Game_JamUITests.swift in Sources */,
			);
			runOnlyForDeploymentPostprocessing = 0;
		};
/* End PBXSourcesBuildPhase section */

/* Begin PBXTargetDependency section */
		49B8EB711D21F95F008F69F5 /* PBXTargetDependency */ = {
			isa = PBXTargetDependency;
			target = 49B8EB561D21F95E008F69F5 /* Game Jam */;
			targetProxy = 49B8EB701D21F95F008F69F5 /* PBXContainerItemProxy */;
		};
		49B8EB7C1D21F95F008F69F5 /* PBXTargetDependency */ = {
			isa = PBXTargetDependency;
			target = 49B8EB561D21F95E008F69F5 /* Game Jam */;
			targetProxy = 49B8EB7B1D21F95F008F69F5 /* PBXContainerItemProxy */;
		};
/* End PBXTargetDependency section */

/* Begin PBXVariantGroup section */
		49B8EB621D21F95E008F69F5 /* Main.storyboard */ = {
			isa = PBXVariantGroup;
			children = (
				49B8EB631D21F95E008F69F5 /* Base */,
			);
			name = Main.storyboard;
			sourceTree = "<group>";
		};
		49B8EB671D21F95E008F69F5 /* LaunchScreen.storyboard */ = {
			isa = PBXVariantGroup;
			children = (
				49B8EB681D21F95E008F69F5 /* Base */,
			);
			name = LaunchScreen.storyboard;
			sourceTree = "<group>";
		};
/* End PBXVariantGroup section */

/* Begin XCBuildConfiguration section */
		49B8EB811D21F95F008F69F5 /* Debug */ = {
			isa = XCBuildConfiguration;
			buildSettings = {
				ALWAYS_SEARCH_USER_PATHS = NO;
				CLANG_ANALYZER_NONNULL = YES;
				CLANG_CXX_LANGUAGE_STANDARD = "gnu++0x";
				CLANG_CXX_LIBRARY = "libc++";
				CLANG_ENABLE_MODULES = YES;
				CLANG_ENABLE_OBJC_ARC = YES;
				CLANG_WARN_BOOL_CONVERSION = YES;
				CLANG_WARN_CONSTANT_CONVERSION = YES;
				CLANG_WARN_DIRECT_OBJC_ISA_USAGE = YES_ERROR;
				CLANG_WARN_EMPTY_BODY = YES;
				CLANG_WARN_ENUM_CONVERSION = YES;
				CLANG_WARN_INT_CONVERSION = YES;
				CLANG_WARN_OBJC_ROOT_CLASS = YES_ERROR;
				CLANG_WARN_UNREACHABLE_CODE = YES;
				CLANG_WARN__DUPLICATE_METHOD_MATCH = YES;
				"CODE_SIGN_IDENTITY[sdk=iphoneos*]" = "iPhone Developer";
				COPY_PHASE_STRIP = NO;
				DEBUG_INFORMATION_FORMAT = "dwarf-with-dsym";
				ENABLE_STRICT_OBJC_MSGSEND = YES;
				ENABLE_TESTABILITY = YES;
				GCC_C_LANGUAGE_STANDARD = gnu99;
				GCC_DYNAMIC_NO_PIC = NO;
				GCC_NO_COMMON_BLOCKS = YES;
				GCC_OPTIMIZATION_LEVEL = 0;
				GCC_PREPROCESSOR_DEFINITIONS = (
					"DEBUG=1",
					"$(inherited)",
				);
				GCC_WARN_64_TO_32_BIT_CONVERSION = YES;
				GCC_WARN_ABOUT_RETURN_TYPE = YES_ERROR;
				GCC_WARN_UNDECLARED_SELECTOR = YES;
				GCC_WARN_UNINITIALIZED_AUTOS = YES_AGGRESSIVE;
				GCC_WARN_UNUSED_FUNCTION = YES;
				GCC_WARN_UNUSED_VARIABLE = YES;
				IPHONEOS_DEPLOYMENT_TARGET = 9.3;
				MTL_ENABLE_DEBUG_INFO = YES;
				ONLY_ACTIVE_ARCH = YES;
				SDKROOT = iphoneos;
				SWIFT_OPTIMIZATION_LEVEL = "-Onone";
			};
			name = Debug;
		};
		49B8EB821D21F95F008F69F5 /* Release */ = {
			isa = XCBuildConfiguration;
			buildSettings = {
				ALWAYS_SEARCH_USER_PATHS = NO;
				CLANG_ANALYZER_NONNULL = YES;
				CLANG_CXX_LANGUAGE_STANDARD = "gnu++0x";
				CLANG_CXX_LIBRARY = "libc++";
				CLANG_ENABLE_MODULES = YES;
				CLANG_ENABLE_OBJC_ARC = YES;
				CLANG_WARN_BOOL_CONVERSION = YES;
				CLANG_WARN_CONSTANT_CONVERSION = YES;
				CLANG_WARN_DIRECT_OBJC_ISA_USAGE = YES_ERROR;
				CLANG_WARN_EMPTY_BODY = YES;
				CLANG_WARN_ENUM_CONVERSION = YES;
				CLANG_WARN_INT_CONVERSION = YES;
				CLANG_WARN_OBJC_ROOT_CLASS = YES_ERROR;
				CLANG_WARN_UNREACHABLE_CODE = YES;
				CLANG_WARN__DUPLICATE_METHOD_MATCH = YES;
				"CODE_SIGN_IDENTITY[sdk=iphoneos*]" = "iPhone Developer";
				COPY_PHASE_STRIP = NO;
				DEBUG_INFORMATION_FORMAT = "dwarf-with-dsym";
				ENABLE_NS_ASSERTIONS = NO;
				ENABLE_STRICT_OBJC_MSGSEND = YES;
				GCC_C_LANGUAGE_STANDARD = gnu99;
				GCC_NO_COMMON_BLOCKS = YES;
				GCC_WARN_64_TO_32_BIT_CONVERSION = YES;
				GCC_WARN_ABOUT_RETURN_TYPE = YES_ERROR;
				GCC_WARN_UNDECLARED_SELECTOR = YES;
				GCC_WARN_UNINITIALIZED_AUTOS = YES_AGGRESSIVE;
				GCC_WARN_UNUSED_FUNCTION = YES;
				GCC_WARN_UNUSED_VARIABLE = YES;
				IPHONEOS_DEPLOYMENT_TARGET = 9.3;
				MTL_ENABLE_DEBUG_INFO = NO;
				SDKROOT = iphoneos;
				VALIDATE_PRODUCT = YES;
			};
			name = Release;
		};
		49B8EB841D21F95F008F69F5 /* Debug */ = {
			isa = XCBuildConfiguration;
			buildSettings = {
				ASSETCATALOG_COMPILER_APPICON_NAME = AppIcon;
				CODE_SIGN_IDENTITY = "iPhone Developer";
				"CODE_SIGN_IDENTITY[sdk=iphoneos*]" = "iPhone Developer";
				INFOPLIST_FILE = "Game Jam/Info.plist";
				LD_RUNPATH_SEARCH_PATHS = "$(inherited) @executable_path/Frameworks";
				PRODUCT_BUNDLE_IDENTIFIER = "com.andrewzhou.Game-Jam";
				PRODUCT_NAME = "$(TARGET_NAME)";
				PROVISIONING_PROFILE = "";
			};
			name = Debug;
		};
		49B8EB851D21F95F008F69F5 /* Release */ = {
			isa = XCBuildConfiguration;
			buildSettings = {
				ASSETCATALOG_COMPILER_APPICON_NAME = AppIcon;
				CODE_SIGN_IDENTITY = "iPhone Developer";
				"CODE_SIGN_IDENTITY[sdk=iphoneos*]" = "iPhone Developer";
				INFOPLIST_FILE = "Game Jam/Info.plist";
				LD_RUNPATH_SEARCH_PATHS = "$(inherited) @executable_path/Frameworks";
				PRODUCT_BUNDLE_IDENTIFIER = "com.andrewzhou.Game-Jam";
				PRODUCT_NAME = "$(TARGET_NAME)";
				PROVISIONING_PROFILE = "";
			};
			name = Release;
		};
		49B8EB871D21F95F008F69F5 /* Debug */ = {
			isa = XCBuildConfiguration;
			buildSettings = {
				BUNDLE_LOADER = "$(TEST_HOST)";
				DEBUG_INFORMATION_FORMAT = dwarf;
				INFOPLIST_FILE = "Game JamTests/Info.plist";
				LD_RUNPATH_SEARCH_PATHS = "$(inherited) @executable_path/Frameworks @loader_path/Frameworks";
				PRODUCT_BUNDLE_IDENTIFIER = "com.andrewzhou.Game-JamTests";
				PRODUCT_NAME = "$(TARGET_NAME)";
				TEST_HOST = "$(BUILT_PRODUCTS_DIR)/Game Jam.app/Game Jam";
			};
			name = Debug;
		};
		49B8EB881D21F95F008F69F5 /* Release */ = {
			isa = XCBuildConfiguration;
			buildSettings = {
				BUNDLE_LOADER = "$(TEST_HOST)";
				INFOPLIST_FILE = "Game JamTests/Info.plist";
				LD_RUNPATH_SEARCH_PATHS = "$(inherited) @executable_path/Frameworks @loader_path/Frameworks";
				PRODUCT_BUNDLE_IDENTIFIER = "com.andrewzhou.Game-JamTests";
				PRODUCT_NAME = "$(TARGET_NAME)";
				TEST_HOST = "$(BUILT_PRODUCTS_DIR)/Game Jam.app/Game Jam";
			};
			name = Release;
		};
		49B8EB8A1D21F95F008F69F5 /* Debug */ = {
			isa = XCBuildConfiguration;
			buildSettings = {
				DEBUG_INFORMATION_FORMAT = dwarf;
				INFOPLIST_FILE = "Game JamUITests/Info.plist";
				LD_RUNPATH_SEARCH_PATHS = "$(inherited) @executable_path/Frameworks @loader_path/Frameworks";
				PRODUCT_BUNDLE_IDENTIFIER = "com.andrewzhou.Game-JamUITests";
				PRODUCT_NAME = "$(TARGET_NAME)";
				TEST_TARGET_NAME = "Game Jam";
			};
			name = Debug;
		};
		49B8EB8B1D21F95F008F69F5 /* Release */ = {
			isa = XCBuildConfiguration;
			buildSettings = {
				INFOPLIST_FILE = "Game JamUITests/Info.plist";
				LD_RUNPATH_SEARCH_PATHS = "$(inherited) @executable_path/Frameworks @loader_path/Frameworks";
				PRODUCT_BUNDLE_IDENTIFIER = "com.andrewzhou.Game-JamUITests";
				PRODUCT_NAME = "$(TARGET_NAME)";
				TEST_TARGET_NAME = "Game Jam";
			};
			name = Release;
		};
/* End XCBuildConfiguration section */

/* Begin XCConfigurationList section */
		49B8EB521D21F95E008F69F5 /* Build configuration list for PBXProject "Game Jam" */ = {
			isa = XCConfigurationList;
			buildConfigurations = (
				49B8EB811D21F95F008F69F5 /* Debug */,
				49B8EB821D21F95F008F69F5 /* Release */,
			);
			defaultConfigurationIsVisible = 0;
			defaultConfigurationName = Release;
		};
		49B8EB831D21F95F008F69F5 /* Build configuration list for PBXNativeTarget "Game Jam" */ = {
			isa = XCConfigurationList;
			buildConfigurations = (
				49B8EB841D21F95F008F69F5 /* Debug */,
				49B8EB851D21F95F008F69F5 /* Release */,
			);
			defaultConfigurationIsVisible = 0;
			defaultConfigurationName = Release;
		};
		49B8EB861D21F95F008F69F5 /* Build configuration list for PBXNativeTarget "Game JamTests" */ = {
			isa = XCConfigurationList;
			buildConfigurations = (
				49B8EB871D21F95F008F69F5 /* Debug */,
				49B8EB881D21F95F008F69F5 /* Release */,
			);
			defaultConfigurationIsVisible = 0;
			defaultConfigurationName = Release;
		};
		49B8EB891D21F95F008F69F5 /* Build configuration list for PBXNativeTarget "Game JamUITests" */ = {
			isa = XCConfigurationList;
			buildConfigurations = (
				49B8EB8A1D21F95F008F69F5 /* Debug */,
				49B8EB8B1D21F95F008F69F5 /* Release */,
			);
			defaultConfigurationIsVisible = 0;
			defaultConfigurationName = Release;
		};
/* End XCConfigurationList section */
	};
	rootObject = 49B8EB4F1D21F95E008F69F5 /* Project object */;
}
